
Microsoft Visual Studio Solution File, Format Version 12.00
# Visual Studio Version 16
VisualStudioVersion = 16.0.28922.388
MinimumVisualStudioVersion = 10.0.40219.1
Project("{8BC9CEB8-8B4A-11D0-8D11-00A0C91BC942}") = "chap02_ print basic c++", "chap02_ print basic c++\chap02_ print basic c++.vcxproj", "{1AA12842-1F26-4C7A-A31D-F2E72A3874D0}"
EndProject
Global
	GlobalSection(SolutionConfigurationPlatforms) = preSolution
		Debug|x64 = Debug|x64
		Debug|x86 = Debug|x86
		Release|x64 = Release|x64
		Release|x86 = Release|x86
	EndGlobalSection
	GlobalSection(ProjectConfigurationPlatforms) = postSolution
		{1AA12842-1F26-4C7A-A31D-F2E72A3874D0}.Debug|x64.ActiveCfg = Debug|x64
		{1AA12842-1F26-4C7A-A31D-F2E72A3874D0}.Debug|x64.Build.0 = Debug|x64
		{1AA12842-1F26-4C7A-A31D-F2E72A3874D0}.Debug|x86.ActiveCfg = Debug|Win32
		{1AA12842-1F26-4C7A-A31D-F2E72A3874D0}.Debug|x86.Build.0 = Debug|Win32
		{1AA12842-1F26-4C7A-A31D-F2E72A3874D0}.Release|x64.ActiveCfg = Release|x64
		{1AA12842-1F26-4C7A-A31D-F2E72A3874D0}.Release|x64.Build.0 = Release|x64
		{1AA12842-1F26-4C7A-A31D-F2E72A3874D0}.Release|x86.ActiveCfg = Release|Win32
		{1AA12842-1F26-4C7A-A31D-F2E72A3874D0}.Release|x86.Build.0 = Release|Win32
	EndGlobalSection
	GlobalSection(SolutionProperties) = preSolution
		HideSolutionNode = FALSE
	EndGlobalSection
	GlobalSection(ExtensibilityGlobals) = postSolution
		SolutionGuid = {21675F2F-0364-471C-95B5-B39927FFFE14}
	EndGlobalSection
EndGlobal
