
Microsoft Visual Studio Solution File, Format Version 12.00
# Visual Studio Version 16
VisualStudioVersion = 16.0.28922.388
MinimumVisualStudioVersion = 10.0.40219.1
Project("{8BC9CEB8-8B4A-11D0-8D11-00A0C91BC942}") = "chap06 pointer", "chap06 pointer\chap06 pointer.vcxproj", "{F3BF27BB-F60F-40E4-83B1-DFC5C4F0FFFA}"
EndProject
Global
	GlobalSection(SolutionConfigurationPlatforms) = preSolution
		Debug|x64 = Debug|x64
		Debug|x86 = Debug|x86
		Release|x64 = Release|x64
		Release|x86 = Release|x86
	EndGlobalSection
	GlobalSection(ProjectConfigurationPlatforms) = postSolution
		{F3BF27BB-F60F-40E4-83B1-DFC5C4F0FFFA}.Debug|x64.ActiveCfg = Debug|x64
		{F3BF27BB-F60F-40E4-83B1-DFC5C4F0FFFA}.Debug|x64.Build.0 = Debug|x64
		{F3BF27BB-F60F-40E4-83B1-DFC5C4F0FFFA}.Debug|x86.ActiveCfg = Debug|Win32
		{F3BF27BB-F60F-40E4-83B1-DFC5C4F0FFFA}.Debug|x86.Build.0 = Debug|Win32
		{F3BF27BB-F60F-40E4-83B1-DFC5C4F0FFFA}.Release|x64.ActiveCfg = Release|x64
		{F3BF27BB-F60F-40E4-83B1-DFC5C4F0FFFA}.Release|x64.Build.0 = Release|x64
		{F3BF27BB-F60F-40E4-83B1-DFC5C4F0FFFA}.Release|x86.ActiveCfg = Release|Win32
		{F3BF27BB-F60F-40E4-83B1-DFC5C4F0FFFA}.Release|x86.Build.0 = Release|Win32
	EndGlobalSection
	GlobalSection(SolutionProperties) = preSolution
		HideSolutionNode = FALSE
	EndGlobalSection
	GlobalSection(ExtensibilityGlobals) = postSolution
		SolutionGuid = {DA551155-2537-4129-BFC3-F25D6AFFA8F1}
	EndGlobalSection
EndGlobal
